// !$*UTF8*$!
{
	archiveVersion = 1;
	classes = {
	};
	objectVersion = 48;
	objects = {

/* Begin PBXBuildFile section */
		C21393DC1F545435002BF34B /* AppDelegate.swift in Sources */ = {isa = PBXBuildFile; fileRef = C21393DB1F545435002BF34B /* AppDelegate.swift */; };
		C21393DE1F545435002BF34B /* art.scnassets in Resources */ = {isa = PBXBuildFile; fileRef = C21393DD1F545435002BF34B /* art.scnassets */; };
		C21393E01F545435002BF34B /* CameraController.swift in Sources */ = {isa = PBXBuildFile; fileRef = C21393DF1F545435002BF34B /* CameraController.swift */; };
		C21393E31F545435002BF34B /* Main.storyboard in Resources */ = {isa = PBXBuildFile; fileRef = C21393E11F545435002BF34B /* Main.storyboard */; };
		C21393E51F545435002BF34B /* Assets.xcassets in Resources */ = {isa = PBXBuildFile; fileRef = C21393E41F545435002BF34B /* Assets.xcassets */; };
		C21393E81F545435002BF34B /* LaunchScreen.storyboard in Resources */ = {isa = PBXBuildFile; fileRef = C21393E61F545435002BF34B /* LaunchScreen.storyboard */; };
		C2FC140B1F5B6EEE00DBA490 /* StartSceneViewController.swift in Sources */ = {isa = PBXBuildFile; fileRef = C2FC140A1F5B6EEE00DBA490 /* StartSceneViewController.swift */; };
		E2F866A9F57CA4F3422B8527 /* Pods_AR_Tester.framework in Frameworks */ = {isa = PBXBuildFile; fileRef = AED34808670391CA6F793930 /* Pods_AR_Tester.framework */; };
/* End PBXBuildFile section */

/* Begin PBXFileReference section */
		2B16C0D3EC27696A7455BF75 /* Pods-AR-Tester.release.xcconfig */ = {isa = PBXFileReference; includeInIndex = 1; lastKnownFileType = text.xcconfig; name = "Pods-AR-Tester.release.xcconfig"; path = "Pods/Target Support Files/Pods-AR-Tester/Pods-AR-Tester.release.xcconfig"; sourceTree = "<group>"; };
		97FFA548E22A16129B7B6B41 /* Pods-AR-Tester.debug.xcconfig */ = {isa = PBXFileReference; includeInIndex = 1; lastKnownFileType = text.xcconfig; name = "Pods-AR-Tester.debug.xcconfig"; path = "Pods/Target Support Files/Pods-AR-Tester/Pods-AR-Tester.debug.xcconfig"; sourceTree = "<group>"; };
		AED34808670391CA6F793930 /* Pods_AR_Tester.framework */ = {isa = PBXFileReference; explicitFileType = wrapper.framework; includeInIndex = 0; path = Pods_AR_Tester.framework; sourceTree = BUILT_PRODUCTS_DIR; };
		C21393D81F545435002BF34B /* AR-Tester.app */ = {isa = PBXFileReference; explicitFileType = wrapper.application; includeInIndex = 0; path = "AR-Tester.app"; sourceTree = BUILT_PRODUCTS_DIR; };
		C21393DB1F545435002BF34B /* AppDelegate.swift */ = {isa = PBXFileReference; indentWidth = 4; lastKnownFileType = sourcecode.swift; path = AppDelegate.swift; sourceTree = "<group>"; tabWidth = 4; usesTabs = 0; };
		C21393DD1F545435002BF34B /* art.scnassets */ = {isa = PBXFileReference; lastKnownFileType = wrapper.scnassets; path = art.scnassets; sourceTree = "<group>"; };
		C21393DF1F545435002BF34B /* CameraController.swift */ = {isa = PBXFileReference; indentWidth = 4; lastKnownFileType = sourcecode.swift; path = CameraController.swift; sourceTree = "<group>"; tabWidth = 4; usesTabs = 0; };
		C21393E21F545435002BF34B /* Base */ = {isa = PBXFileReference; lastKnownFileType = file.storyboard; name = Base; path = Base.lproj/Main.storyboard; sourceTree = "<group>"; };
		C21393E41F545435002BF34B /* Assets.xcassets */ = {isa = PBXFileReference; lastKnownFileType = folder.assetcatalog; path = Assets.xcassets; sourceTree = "<group>"; };
		C21393E71F545435002BF34B /* Base */ = {isa = PBXFileReference; lastKnownFileType = file.storyboard; name = Base; path = Base.lproj/LaunchScreen.storyboard; sourceTree = "<group>"; };
		C21393E91F545435002BF34B /* Info.plist */ = {isa = PBXFileReference; lastKnownFileType = text.plist.xml; path = Info.plist; sourceTree = "<group>"; };
		C2FC140A1F5B6EEE00DBA490 /* StartSceneViewController.swift */ = {isa = PBXFileReference; indentWidth = 4; lastKnownFileType = sourcecode.swift; path = StartSceneViewController.swift; sourceTree = "<group>"; tabWidth = 4; usesTabs = 0; };
/* End PBXFileReference section */

/* Begin PBXFrameworksBuildPhase section */
		C21393D51F545435002BF34B /* Frameworks */ = {
			isa = PBXFrameworksBuildPhase;
			buildActionMask = 2147483647;
			files = (
				E2F866A9F57CA4F3422B8527 /* Pods_AR_Tester.framework in Frameworks */,
			);
			runOnlyForDeploymentPostprocessing = 0;
		};
/* End PBXFrameworksBuildPhase section */

/* Begin PBXGroup section */
		17FA49B2321CECAFC53CB54D /* Frameworks */ = {
			isa = PBXGroup;
			children = (
				AED34808670391CA6F793930 /* Pods_AR_Tester.framework */,
			);
			name = Frameworks;
			sourceTree = "<group>";
		};
		7C3170B68FACCBD93B39D22A /* Pods */ = {
			isa = PBXGroup;
			children = (
				97FFA548E22A16129B7B6B41 /* Pods-AR-Tester.debug.xcconfig */,
				2B16C0D3EC27696A7455BF75 /* Pods-AR-Tester.release.xcconfig */,
			);
			name = Pods;
			sourceTree = "<group>";
		};
		C21393CF1F545435002BF34B = {
			isa = PBXGroup;
			children = (
				C21393DA1F545435002BF34B /* AR-Tester */,
				C21393D91F545435002BF34B /* Products */,
				7C3170B68FACCBD93B39D22A /* Pods */,
				17FA49B2321CECAFC53CB54D /* Frameworks */,
			);
			sourceTree = "<group>";
		};
		C21393D91F545435002BF34B /* Products */ = {
			isa = PBXGroup;
			children = (
				C21393D81F545435002BF34B /* AR-Tester.app */,
			);
			name = Products;
			sourceTree = "<group>";
		};
		C21393DA1F545435002BF34B /* AR-Tester */ = {
			isa = PBXGroup;
			children = (
				C21393DB1F545435002BF34B /* AppDelegate.swift */,
				C2FC140A1F5B6EEE00DBA490 /* StartSceneViewController.swift */,
				C21393DD1F545435002BF34B /* art.scnassets */,
				C21393DF1F545435002BF34B /* CameraController.swift */,
				C21393E11F545435002BF34B /* Main.storyboard */,
				C21393E41F545435002BF34B /* Assets.xcassets */,
				C21393E61F545435002BF34B /* LaunchScreen.storyboard */,
				C21393E91F545435002BF34B /* Info.plist */,
			);
			path = "AR-Tester";
			sourceTree = "<group>";
		};
/* End PBXGroup section */

/* Begin PBXNativeTarget section */
		C21393D71F545435002BF34B /* AR-Tester */ = {
			isa = PBXNativeTarget;
			buildConfigurationList = C21394021F545435002BF34B /* Build configuration list for PBXNativeTarget "AR-Tester" */;
			buildPhases = (
				55F2E1BF522FC72356CA9F80 /* [CP] Check Pods Manifest.lock */,
				C21393D41F545435002BF34B /* Sources */,
				C21393D51F545435002BF34B /* Frameworks */,
				C21393D61F545435002BF34B /* Resources */,
				12661B0547A6AB072D16468B /* [CP] Embed Pods Frameworks */,
				D04E60AFF5500871DCBFDBB7 /* [CP] Copy Pods Resources */,
				23DA38AF1F8E11A200C8E2BC /* Run script Fabric */,
				2399C8471F90C33100A78920 /* Run script Swiftlint */,
				23DFA10B1F91657D0034F581 /* Run Script ChangeKeeper */,
			);
			buildRules = (
			);
			dependencies = (
			);
			name = "AR-Tester";
			productName = "AR-Tester";
			productReference = C21393D81F545435002BF34B /* AR-Tester.app */;
			productType = "com.apple.product-type.application";
		};
/* End PBXNativeTarget section */

/* Begin PBXProject section */
		C21393D01F545435002BF34B /* Project object */ = {
			isa = PBXProject;
			attributes = {
				LastSwiftUpdateCheck = 0900;
				LastUpgradeCheck = 0900;
				ORGANIZATIONNAME = "Peter Savchenko";
				TargetAttributes = {
					C21393D71F545435002BF34B = {
						CreatedOnToolsVersion = 9.0;
					};
				};
			};
			buildConfigurationList = C21393D31F545435002BF34B /* Build configuration list for PBXProject "AR-Tester" */;
			compatibilityVersion = "Xcode 8.0";
			developmentRegion = en;
			hasScannedForEncodings = 0;
			knownRegions = (
				en,
				Base,
			);
			mainGroup = C21393CF1F545435002BF34B;
			productRefGroup = C21393D91F545435002BF34B /* Products */;
			projectDirPath = "";
			projectRoot = "";
			targets = (
				C21393D71F545435002BF34B /* AR-Tester */,
			);
		};
/* End PBXProject section */

/* Begin PBXResourcesBuildPhase section */
		C21393D61F545435002BF34B /* Resources */ = {
			isa = PBXResourcesBuildPhase;
			buildActionMask = 2147483647;
			files = (
				C21393DE1F545435002BF34B /* art.scnassets in Resources */,
				C21393E81F545435002BF34B /* LaunchScreen.storyboard in Resources */,
				C21393E51F545435002BF34B /* Assets.xcassets in Resources */,
				C21393E31F545435002BF34B /* Main.storyboard in Resources */,
			);
			runOnlyForDeploymentPostprocessing = 0;
		};
/* End PBXResourcesBuildPhase section */

/* Begin PBXShellScriptBuildPhase section */
		12661B0547A6AB072D16468B /* [CP] Embed Pods Frameworks */ = {
			isa = PBXShellScriptBuildPhase;
			buildActionMask = 2147483647;
			files = (
			);
			inputPaths = (
			);
			name = "[CP] Embed Pods Frameworks";
			outputPaths = (
			);
			runOnlyForDeploymentPostprocessing = 0;
			shellPath = /bin/sh;
			shellScript = "\"${SRCROOT}/Pods/Target Support Files/Pods-AR-Tester/Pods-AR-Tester-frameworks.sh\"\n";
			showEnvVarsInLog = 0;
		};
		2399C8471F90C33100A78920 /* Run script Swiftlint */ = {
			isa = PBXShellScriptBuildPhase;
			buildActionMask = 2147483647;
			files = (
			);
			inputPaths = (
			);
			name = "Run script Swiftlint";
			outputPaths = (
			);
			runOnlyForDeploymentPostprocessing = 0;
			shellPath = /bin/sh;
			shellScript = "# Если не \"master\" ветка, то проверяются только измененные файлы .swift\nif which swiftlint >/dev/null; then\nif [ $(git symbolic-ref --short -q HEAD) = \"master\" ]; then\necho \"Master branch! Standart check\"\nswiftlint\nelse\ncount=0\nfor file_path in $(git ls-files -om --exclude-from=.gitignore | grep \".swift$\"); do\nexport SCRIPT_INPUT_FILE_$count=$file_path\ncount=$((count + 1))\ndone\nfor file_path in $(git diff --cached --name-only | grep \".swift$\"); do\nexport SCRIPT_INPUT_FILE_$count=$file_path\ncount=$((count + 1))\ndone\nexport SCRIPT_INPUT_FILE_COUNT=$count\nif [ \"$count\" -ne 0 ]; then\necho \"Found lintable files! Linting...\"\nswiftlint lint --use-script-input-files --config .swiftlint.yml\nelse\necho \"No files to lint!\"\nexit 0\nfi\nfi\nelse\necho \"warning: SwiftLint not installed, download from https://github.com/realm/SwiftLint\"\nfi";
		};
		23DA38AF1F8E11A200C8E2BC /* Run script Fabric */ = {
			isa = PBXShellScriptBuildPhase;
			buildActionMask = 12;
			files = (
			);
			inputPaths = (
			);
			name = "Run script Fabric";
			outputPaths = (
			);
			runOnlyForDeploymentPostprocessing = 0;
			shellPath = /bin/sh;
			shellScript = "\"${PODS_ROOT}/Fabric/run\" 074bf5eb6b8b4390a53923f4c7e2d96042c30681 2c9ffc8e5b78220777b8304349a483add862468b4770b0b29b9346fe7c2760c0";
		};
		23DFA10B1F91657D0034F581 /* Run Script ChangeKeeper */ = {
			isa = PBXShellScriptBuildPhase;
			buildActionMask = 2147483647;
			files = (
			);
			inputPaths = (
			);
			name = "Run Script ChangeKeeper";
			outputPaths = (
			);
			runOnlyForDeploymentPostprocessing = 0;
			shellPath = /bin/sh;
			shellScript = "bash bin/ChangeKeeper.sh xcode 300 100";
		};
		55F2E1BF522FC72356CA9F80 /* [CP] Check Pods Manifest.lock */ = {
			isa = PBXShellScriptBuildPhase;
			buildActionMask = 2147483647;
			files = (
			);
			inputPaths = (
				"${PODS_PODFILE_DIR_PATH}/Podfile.lock",
				"${PODS_ROOT}/Manifest.lock",
			);
			name = "[CP] Check Pods Manifest.lock";
			outputPaths = (
				"$(DERIVED_FILE_DIR)/Pods-AR-Tester-checkManifestLockResult.txt",
			);
			runOnlyForDeploymentPostprocessing = 0;
			shellPath = /bin/sh;
			shellScript = "diff \"${PODS_PODFILE_DIR_PATH}/Podfile.lock\" \"${PODS_ROOT}/Manifest.lock\" > /dev/null\nif [ $? != 0 ] ; then\n    # print error to STDERR\n    echo \"error: The sandbox is not in sync with the Podfile.lock. Run 'pod install' or update your CocoaPods installation.\" >&2\n    exit 1\nfi\n# This output is used by Xcode 'outputs' to avoid re-running this script phase.\necho \"SUCCESS\" > \"${SCRIPT_OUTPUT_FILE_0}\"\n";
			showEnvVarsInLog = 0;
		};
		D04E60AFF5500871DCBFDBB7 /* [CP] Copy Pods Resources */ = {
			isa = PBXShellScriptBuildPhase;
			buildActionMask = 2147483647;
			files = (
			);
			inputPaths = (
			);
			name = "[CP] Copy Pods Resources";
			outputPaths = (
			);
			runOnlyForDeploymentPostprocessing = 0;
			shellPath = /bin/sh;
			shellScript = "\"${SRCROOT}/Pods/Target Support Files/Pods-AR-Tester/Pods-AR-Tester-resources.sh\"\n";
			showEnvVarsInLog = 0;
		};
/* End PBXShellScriptBuildPhase section */

/* Begin PBXSourcesBuildPhase section */
		C21393D41F545435002BF34B /* Sources */ = {
			isa = PBXSourcesBuildPhase;
			buildActionMask = 2147483647;
			files = (
				C2FC140B1F5B6EEE00DBA490 /* StartSceneViewController.swift in Sources */,
				C21393E01F545435002BF34B /* CameraController.swift in Sources */,
				C21393DC1F545435002BF34B /* AppDelegate.swift in Sources */,
			);
			runOnlyForDeploymentPostprocessing = 0;
		};
/* End PBXSourcesBuildPhase section */

/* Begin PBXVariantGroup section */
		C21393E11F545435002BF34B /* Main.storyboard */ = {
			isa = PBXVariantGroup;
			children = (
				C21393E21F545435002BF34B /* Base */,
			);
			name = Main.storyboard;
			sourceTree = "<group>";
		};
		C21393E61F545435002BF34B /* LaunchScreen.storyboard */ = {
			isa = PBXVariantGroup;
			children = (
				C21393E71F545435002BF34B /* Base */,
			);
			name = LaunchScreen.storyboard;
			sourceTree = "<group>";
		};
/* End PBXVariantGroup section */

/* Begin XCBuildConfiguration section */
		C21394001F545435002BF34B /* Debug */ = {
			isa = XCBuildConfiguration;
			buildSettings = {
				ALWAYS_SEARCH_USER_PATHS = NO;
				CLANG_ANALYZER_NONNULL = YES;
				CLANG_ANALYZER_NUMBER_OBJECT_CONVERSION = YES_AGGRESSIVE;
				CLANG_CXX_LANGUAGE_STANDARD = "gnu++14";
				CLANG_CXX_LIBRARY = "libc++";
				CLANG_ENABLE_MODULES = YES;
				CLANG_ENABLE_OBJC_ARC = YES;
				CLANG_WARN_BLOCK_CAPTURE_AUTORELEASING = YES;
				CLANG_WARN_BOOL_CONVERSION = YES;
				CLANG_WARN_COMMA = YES;
				CLANG_WARN_CONSTANT_CONVERSION = YES;
				CLANG_WARN_DIRECT_OBJC_ISA_USAGE = YES_ERROR;
				CLANG_WARN_DOCUMENTATION_COMMENTS = YES;
				CLANG_WARN_EMPTY_BODY = YES;
				CLANG_WARN_ENUM_CONVERSION = YES;
				CLANG_WARN_INFINITE_RECURSION = YES;
				CLANG_WARN_INT_CONVERSION = YES;
				CLANG_WARN_NON_LITERAL_NULL_CONVERSION = YES;
				CLANG_WARN_OBJC_LITERAL_CONVERSION = YES;
				CLANG_WARN_OBJC_ROOT_CLASS = YES_ERROR;
				CLANG_WARN_RANGE_LOOP_ANALYSIS = YES;
				CLANG_WARN_STRICT_PROTOTYPES = YES;
				CLANG_WARN_SUSPICIOUS_MOVE = YES;
				CLANG_WARN_UNGUARDED_AVAILABILITY = YES_AGGRESSIVE;
				CLANG_WARN_UNREACHABLE_CODE = YES;
				CLANG_WARN__DUPLICATE_METHOD_MATCH = YES;
				CODE_SIGN_IDENTITY = "iPhone Developer";
				COPY_PHASE_STRIP = NO;
				DEBUG_INFORMATION_FORMAT = dwarf;
				ENABLE_STRICT_OBJC_MSGSEND = YES;
				ENABLE_TESTABILITY = YES;
				GCC_C_LANGUAGE_STANDARD = gnu11;
				GCC_DYNAMIC_NO_PIC = NO;
				GCC_NO_COMMON_BLOCKS = YES;
				GCC_OPTIMIZATION_LEVEL = 0;
				GCC_PREPROCESSOR_DEFINITIONS = (
					"DEBUG=1",
					"$(inherited)",
				);
				GCC_WARN_64_TO_32_BIT_CONVERSION = YES;
				GCC_WARN_ABOUT_RETURN_TYPE = YES_ERROR;
				GCC_WARN_UNDECLARED_SELECTOR = YES;
				GCC_WARN_UNINITIALIZED_AUTOS = YES_AGGRESSIVE;
				GCC_WARN_UNUSED_FUNCTION = YES;
				GCC_WARN_UNUSED_VARIABLE = YES;
				IPHONEOS_DEPLOYMENT_TARGET = 11.0;
				ONLY_ACTIVE_ARCH = YES;
				SDKROOT = iphoneos;
				SWIFT_ACTIVE_COMPILATION_CONDITIONS = DEBUG;
				SWIFT_OPTIMIZATION_LEVEL = "-Onone";
				SWIFT_VERSION = 3.0;
			};
			name = Debug;
		};
		C21394011F545435002BF34B /* Release */ = {
			isa = XCBuildConfiguration;
			buildSettings = {
				ALWAYS_SEARCH_USER_PATHS = NO;
				CLANG_ANALYZER_NONNULL = YES;
				CLANG_ANALYZER_NUMBER_OBJECT_CONVERSION = YES_AGGRESSIVE;
				CLANG_CXX_LANGUAGE_STANDARD = "gnu++14";
				CLANG_CXX_LIBRARY = "libc++";
				CLANG_ENABLE_MODULES = YES;
				CLANG_ENABLE_OBJC_ARC = YES;
				CLANG_WARN_BLOCK_CAPTURE_AUTORELEASING = YES;
				CLANG_WARN_BOOL_CONVERSION = YES;
				CLANG_WARN_COMMA = YES;
				CLANG_WARN_CONSTANT_CONVERSION = YES;
				CLANG_WARN_DIRECT_OBJC_ISA_USAGE = YES_ERROR;
				CLANG_WARN_DOCUMENTATION_COMMENTS = YES;
				CLANG_WARN_EMPTY_BODY = YES;
				CLANG_WARN_ENUM_CONVERSION = YES;
				CLANG_WARN_INFINITE_RECURSION = YES;
				CLANG_WARN_INT_CONVERSION = YES;
				CLANG_WARN_NON_LITERAL_NULL_CONVERSION = YES;
				CLANG_WARN_OBJC_LITERAL_CONVERSION = YES;
				CLANG_WARN_OBJC_ROOT_CLASS = YES_ERROR;
				CLANG_WARN_RANGE_LOOP_ANALYSIS = YES;
				CLANG_WARN_STRICT_PROTOTYPES = YES;
				CLANG_WARN_SUSPICIOUS_MOVE = YES;
				CLANG_WARN_UNGUARDED_AVAILABILITY = YES_AGGRESSIVE;
				CLANG_WARN_UNREACHABLE_CODE = YES;
				CLANG_WARN__DUPLICATE_METHOD_MATCH = YES;
				CODE_SIGN_IDENTITY = "iPhone Developer";
				COPY_PHASE_STRIP = NO;
				DEBUG_INFORMATION_FORMAT = "dwarf-with-dsym";
				ENABLE_NS_ASSERTIONS = NO;
				ENABLE_STRICT_OBJC_MSGSEND = YES;
				GCC_C_LANGUAGE_STANDARD = gnu11;
				GCC_NO_COMMON_BLOCKS = YES;
				GCC_WARN_64_TO_32_BIT_CONVERSION = YES;
				GCC_WARN_ABOUT_RETURN_TYPE = YES_ERROR;
				GCC_WARN_UNDECLARED_SELECTOR = YES;
				GCC_WARN_UNINITIALIZED_AUTOS = YES_AGGRESSIVE;
				GCC_WARN_UNUSED_FUNCTION = YES;
				GCC_WARN_UNUSED_VARIABLE = YES;
				IPHONEOS_DEPLOYMENT_TARGET = 11.0;
				SDKROOT = iphoneos;
				SWIFT_OPTIMIZATION_LEVEL = "-Owholemodule";
				SWIFT_VERSION = 3.0;
				VALIDATE_PRODUCT = YES;
			};
			name = Release;
		};
		C21394031F545435002BF34B /* Debug */ = {
			isa = XCBuildConfiguration;
			baseConfigurationReference = 97FFA548E22A16129B7B6B41 /* Pods-AR-Tester.debug.xcconfig */;
			buildSettings = {
				ASSETCATALOG_COMPILER_APPICON_NAME = AppIcon;
				DEBUG_INFORMATION_FORMAT = "dwarf-with-dsym";
				DEVELOPMENT_TEAM = MEH36U69XD;
				FRAMEWORK_SEARCH_PATHS = "$(inherited)";
				"FRAMEWORK_SEARCH_PATHS[arch=*]" = "$(inherited)";
				INFOPLIST_FILE = "AR-Tester/Info.plist";
				LD_RUNPATH_SEARCH_PATHS = "$(inherited) @executable_path/Frameworks";
				PRODUCT_BUNDLE_IDENTIFIER = guryn.Codex;
				PRODUCT_NAME = "$(TARGET_NAME)";
				SWIFT_VERSION = 4.0;
				TARGETED_DEVICE_FAMILY = 1;
			};
			name = Debug;
		};
		C21394041F545435002BF34B /* Release */ = {
			isa = XCBuildConfiguration;
			baseConfigurationReference = 2B16C0D3EC27696A7455BF75 /* Pods-AR-Tester.release.xcconfig */;
			buildSettings = {
				ASSETCATALOG_COMPILER_APPICON_NAME = AppIcon;
				DEVELOPMENT_TEAM = MEH36U69XD;
				FRAMEWORK_SEARCH_PATHS = "$(inherited)";
				INFOPLIST_FILE = "AR-Tester/Info.plist";
				LD_RUNPATH_SEARCH_PATHS = "$(inherited) @executable_path/Frameworks";
				PRODUCT_BUNDLE_IDENTIFIER = guryn.Codex;
				PRODUCT_NAME = "$(TARGET_NAME)";
				SWIFT_VERSION = 4.0;
				TARGETED_DEVICE_FAMILY = 1;
			};
			name = Release;
		};
/* End XCBuildConfiguration section */

/* Begin XCConfigurationList section */
		C21393D31F545435002BF34B /* Build configuration list for PBXProject "AR-Tester" */ = {
			isa = XCConfigurationList;
			buildConfigurations = (
				C21394001F545435002BF34B /* Debug */,
				C21394011F545435002BF34B /* Release */,
			);
			defaultConfigurationIsVisible = 0;
			defaultConfigurationName = Release;
		};
		C21394021F545435002BF34B /* Build configuration list for PBXNativeTarget "AR-Tester" */ = {
			isa = XCConfigurationList;
			buildConfigurations = (
				C21394031F545435002BF34B /* Debug */,
				C21394041F545435002BF34B /* Release */,
			);
			defaultConfigurationIsVisible = 0;
			defaultConfigurationName = Release;
		};
/* End XCConfigurationList section */
	};
	rootObject = C21393D01F545435002BF34B /* Project object */;
}
